
Microsoft Visual Studio Solution File, Format Version 12.00
# Visual Studio Version 17
VisualStudioVersion = 17.9.34728.123
MinimumVisualStudioVersion = 10.0.40219.1
Project("{FAE04EC0-301F-11D3-BF4B-00C04F79EFBC}") = "PortasAbertasUNINASSAU", "PortasAbertasUNINASSAU.csproj", "{26BA017A-89D6-4B80-8A3B-51D28B2A2ECF}"
EndProject
Global
	GlobalSection(SolutionConfigurationPlatforms) = preSolution
		Debug|Any CPU = Debug|Any CPU
		Release|Any CPU = Release|Any CPU
	EndGlobalSection
	GlobalSection(ProjectConfigurationPlatforms) = postSolution
		{26BA017A-89D6-4B80-8A3B-51D28B2A2ECF}.Debug|Any CPU.ActiveCfg = Debug|Any CPU
		{26BA017A-89D6-4B80-8A3B-51D28B2A2ECF}.Debug|Any CPU.Build.0 = Debug|Any CPU
		{26BA017A-89D6-4B80-8A3B-51D28B2A2ECF}.Release|Any CPU.ActiveCfg = Release|Any CPU
		{26BA017A-89D6-4B80-8A3B-51D28B2A2ECF}.Release|Any CPU.Build.0 = Release|Any CPU
	EndGlobalSection
	GlobalSection(SolutionProperties) = preSolution
		HideSolutionNode = FALSE
	EndGlobalSection
	GlobalSection(ExtensibilityGlobals) = postSolution
		SolutionGuid = {F858DE18-CEE0-4C6A-954C-8BC60AC22775}
	EndGlobalSection
EndGlobal
